# THIS IS AN AUTOGENERATED FILE. DO NOT EDIT THIS FILE DIRECTLY.
# yarn lockfile v1


influx@^5.9.3:
  version "5.9.3"
  resolved "https://registry.yarnpkg.com/influx/-/influx-5.9.3.tgz#81f92b55c8354275653393eae0c0c697b6568e76"
  integrity sha512-QQU9CgwnaEV6zMrK8+vhVItsdoKFqDioXJrjJhRQaff9utvT3N0jcrQJT9qnxFLktqgJ5ngbDY68Zh4eo4uD/w==
